
Microsoft Visual Studio Solution File, Format Version 12.00
# Visual Studio 2012
Project("{FAE04EC0-301F-11D3-BF4B-00C04F79EFBC}") = "PostIt", "PostIt.csproj", "{CE6D14A8-5A68-488E-B0DA-8D53B7F16308}"
EndProject
Global
	GlobalSection(SolutionConfigurationPlatforms) = preSolution
		Debug|iPhoneSimulator = Debug|iPhoneSimulator
		Release|iPhoneSimulator = Release|iPhoneSimulator
		Debug|iPhone = Debug|iPhone
		Release|iPhone = Release|iPhone
		Ad-Hoc|iPhone = Ad-Hoc|iPhone
		AppStore|iPhone = AppStore|iPhone
	EndGlobalSection
	GlobalSection(ProjectConfigurationPlatforms) = postSolution
		{CE6D14A8-5A68-488E-B0DA-8D53B7F16308}.Ad-Hoc|iPhone.ActiveCfg = Ad-Hoc|iPhone
		{CE6D14A8-5A68-488E-B0DA-8D53B7F16308}.Ad-Hoc|iPhone.Build.0 = Ad-Hoc|iPhone
		{CE6D14A8-5A68-488E-B0DA-8D53B7F16308}.AppStore|iPhone.ActiveCfg = AppStore|iPhone
		{CE6D14A8-5A68-488E-B0DA-8D53B7F16308}.AppStore|iPhone.Build.0 = AppStore|iPhone
		{CE6D14A8-5A68-488E-B0DA-8D53B7F16308}.Debug|iPhone.ActiveCfg = Debug|iPhone
		{CE6D14A8-5A68-488E-B0DA-8D53B7F16308}.Debug|iPhone.Build.0 = Debug|iPhone
		{CE6D14A8-5A68-488E-B0DA-8D53B7F16308}.Debug|iPhoneSimulator.ActiveCfg = Debug|iPhoneSimulator
		{CE6D14A8-5A68-488E-B0DA-8D53B7F16308}.Debug|iPhoneSimulator.Build.0 = Debug|iPhoneSimulator
		{CE6D14A8-5A68-488E-B0DA-8D53B7F16308}.Release|iPhone.ActiveCfg = Release|iPhone
		{CE6D14A8-5A68-488E-B0DA-8D53B7F16308}.Release|iPhone.Build.0 = Release|iPhone
		{CE6D14A8-5A68-488E-B0DA-8D53B7F16308}.Release|iPhoneSimulator.ActiveCfg = Release|iPhoneSimulator
		{CE6D14A8-5A68-488E-B0DA-8D53B7F16308}.Release|iPhoneSimulator.Build.0 = Release|iPhoneSimulator
	EndGlobalSection
	GlobalSection(MonoDevelopProperties) = preSolution
		StartupItem = PostIt.csproj
	EndGlobalSection
EndGlobal
